PODS:
  - CleanArchitecture (1.0.35)

DEPENDENCIES:
  - CleanArchitecture

SPEC REPOS:
  https://github.com/cocoapods/specs.git:
    - CleanArchitecture

SPEC CHECKSUMS:
  CleanArchitecture: 26899be7e5d77677fac1a71830eb50dfc6819075

PODFILE CHECKSUM: 416a7beb9dce37dbc4808578c9da23ef314cff6e

COCOAPODS: 1.5.3
