PODS:
  - CleanArchitecture (1.6.63)

DEPENDENCIES:
  - CleanArchitecture

SPEC REPOS:
  https://github.com/cocoapods/specs.git:
    - CleanArchitecture

SPEC CHECKSUMS:
  CleanArchitecture: 67c5cb938d53c45f9e03cf138f25043b83d42f00

PODFILE CHECKSUM: d5dd42c26f5b8bb249f9dbb9625976059a5b0009

COCOAPODS: 1.5.3
