// !$*UTF8*$!
{
	archiveVersion = 1;
	classes = {
	};
	objectVersion = 50;
	objects = {

/* Begin PBXBuildFile section */
		DA0E58B5209F383500AD4425 /* TestViewScroll.swift in Sources */ = {isa = PBXBuildFile; fileRef = DA0E58B4209F383500AD4425 /* TestViewScroll.swift */; };
		DA0E58B7209F386300AD4425 /* ViewScroll.swift in Sources */ = {isa = PBXBuildFile; fileRef = DA0E58B6209F386300AD4425 /* ViewScroll.swift */; };
		DA15451320A468FC00CCC59D /* MockTransitionProtocol.swift in Sources */ = {isa = PBXBuildFile; fileRef = DA15451220A468FC00CCC59D /* MockTransitionProtocol.swift */; };
		DA15451520A4691F00CCC59D /* TestController_Transition.swift in Sources */ = {isa = PBXBuildFile; fileRef = DA15451420A4691F00CCC59D /* TestController_Transition.swift */; };
		DA15451720A46DAD00CCC59D /* MockController.swift in Sources */ = {isa = PBXBuildFile; fileRef = DA15451620A46DAD00CCC59D /* MockController.swift */; };
		DA417C4620AAAA0300D2BB8E /* PresenterConstants.swift in Sources */ = {isa = PBXBuildFile; fileRef = DA417C4520AAAA0300D2BB8E /* PresenterConstants.swift */; };
		DA417C4820AAAD9700D2BB8E /* PresenterDragStrategyProtocol+Default.swift in Sources */ = {isa = PBXBuildFile; fileRef = DA417C4720AAAD9700D2BB8E /* PresenterDragStrategyProtocol+Default.swift */; };
		DA417C4A20AAAE8E00D2BB8E /* TestPresenterDragStrategyProtocol.swift in Sources */ = {isa = PBXBuildFile; fileRef = DA417C4920AAAE8E00D2BB8E /* TestPresenterDragStrategyProtocol.swift */; };
		DA417C4C20AABF5800D2BB8E /* PresenterDragStrategyCardStateProtocol.swift in Sources */ = {isa = PBXBuildFile; fileRef = DA417C4B20AABF5800D2BB8E /* PresenterDragStrategyCardStateProtocol.swift */; };
		DA417C4E20AABF7300D2BB8E /* PresenterDragStrategyCardStateTouchable.swift in Sources */ = {isa = PBXBuildFile; fileRef = DA417C4D20AABF7300D2BB8E /* PresenterDragStrategyCardStateTouchable.swift */; };
		DA417C5020AABF8D00D2BB8E /* PresenterDragStrategyCardStateDragging.swift in Sources */ = {isa = PBXBuildFile; fileRef = DA417C4F20AABF8D00D2BB8E /* PresenterDragStrategyCardStateDragging.swift */; };
		DA417C5220AAC2EE00D2BB8E /* TestPresenterDragStrategyCardStateTouchable.swift in Sources */ = {isa = PBXBuildFile; fileRef = DA417C5120AAC2EE00D2BB8E /* TestPresenterDragStrategyCardStateTouchable.swift */; };
		DA417C5420AAC37600D2BB8E /* TestPresenterDragStrategyCardStateDragging.swift in Sources */ = {isa = PBXBuildFile; fileRef = DA417C5320AAC37600D2BB8E /* TestPresenterDragStrategyCardStateDragging.swift */; };
		DA417C5620AAC3F800D2BB8E /* MockPresenterDragStrategyCardStateProtocol.swift in Sources */ = {isa = PBXBuildFile; fileRef = DA417C5520AAC3F800D2BB8E /* MockPresenterDragStrategyCardStateProtocol.swift */; };
		DA417C5820AAC73400D2BB8E /* MockViewCard.swift in Sources */ = {isa = PBXBuildFile; fileRef = DA417C5720AAC73400D2BB8E /* MockViewCard.swift */; };
		DA417C6F20AAF68300D2BB8E /* PresenterDragStrategyCardStateDraggingView.swift in Sources */ = {isa = PBXBuildFile; fileRef = DA417C6E20AAF68300D2BB8E /* PresenterDragStrategyCardStateDraggingView.swift */; };
		DA417C7520AAFF4B00D2BB8E /* TestPresenterDragStrategyCardStateDraggingView.swift in Sources */ = {isa = PBXBuildFile; fileRef = DA417C7420AAFF4B00D2BB8E /* TestPresenterDragStrategyCardStateDraggingView.swift */; };
		DA417C7720AB0B6100D2BB8E /* PresenterDragStrategyCardStateDraggingBoard.swift in Sources */ = {isa = PBXBuildFile; fileRef = DA417C7620AB0B6100D2BB8E /* PresenterDragStrategyCardStateDraggingBoard.swift */; };
		DA417C7920AB0B9600D2BB8E /* TestPresenterDragStrategyCardStateDraggingBoard.swift in Sources */ = {isa = PBXBuildFile; fileRef = DA417C7820AB0B9600D2BB8E /* TestPresenterDragStrategyCardStateDraggingBoard.swift */; };
		DA47FB7F20A2BB0800E89334 /* TestPresenter_ViewModel.swift in Sources */ = {isa = PBXBuildFile; fileRef = DA47FB7E20A2BB0800E89334 /* TestPresenter_ViewModel.swift */; };
		DA47FB8120A2C27800E89334 /* ViewColumn.swift in Sources */ = {isa = PBXBuildFile; fileRef = DA47FB8020A2C27800E89334 /* ViewColumn.swift */; };
		DA47FB8320A2C2B200E89334 /* TestViewModelView.swift in Sources */ = {isa = PBXBuildFile; fileRef = DA47FB8220A2C2B200E89334 /* TestViewModelView.swift */; };
		DA47FB8520A2C33500E89334 /* ViewModelView.swift in Sources */ = {isa = PBXBuildFile; fileRef = DA47FB8420A2C33500E89334 /* ViewModelView.swift */; };
		DA47FB8720A2C35600E89334 /* ViewModelScroll.swift in Sources */ = {isa = PBXBuildFile; fileRef = DA47FB8620A2C35600E89334 /* ViewModelScroll.swift */; };
		DA47FB8920A2C37A00E89334 /* ViewModelBoard.swift in Sources */ = {isa = PBXBuildFile; fileRef = DA47FB8820A2C37A00E89334 /* ViewModelBoard.swift */; };
		DA47FB8B20A2C39F00E89334 /* TestViewModelScroll.swift in Sources */ = {isa = PBXBuildFile; fileRef = DA47FB8A20A2C39F00E89334 /* TestViewModelScroll.swift */; };
		DA47FB8D20A2C3B900E89334 /* TestViewModelBoard.swift in Sources */ = {isa = PBXBuildFile; fileRef = DA47FB8C20A2C3B900E89334 /* TestViewModelBoard.swift */; };
		DA47FB8F20A2C5C400E89334 /* TestViewColumn.swift in Sources */ = {isa = PBXBuildFile; fileRef = DA47FB8E20A2C5C400E89334 /* TestViewColumn.swift */; };
		DA47FB9120A2C6B200E89334 /* TestViewModelColumn.swift in Sources */ = {isa = PBXBuildFile; fileRef = DA47FB9020A2C6B200E89334 /* TestViewModelColumn.swift */; };
		DA47FB9320A2C7C100E89334 /* ViewModelColumn.swift in Sources */ = {isa = PBXBuildFile; fileRef = DA47FB9220A2C7C100E89334 /* ViewModelColumn.swift */; };
		DA47FB9520A2D11100E89334 /* TestPresenter_ViewModel_Columns.swift in Sources */ = {isa = PBXBuildFile; fileRef = DA47FB9420A2D11100E89334 /* TestPresenter_ViewModel_Columns.swift */; };
		DA58BD7D209B3AE10013DBF0 /* Shared.framework in Frameworks */ = {isa = PBXBuildFile; fileRef = DA58BD7C209B3AE10013DBF0 /* Shared.framework */; };
		DA683E1B20A7067F006D15CE /* ViewNewCard.swift in Sources */ = {isa = PBXBuildFile; fileRef = DA683E1A20A7067F006D15CE /* ViewNewCard.swift */; };
		DA683E1D20A7094C006D15CE /* TestViewNewCard.swift in Sources */ = {isa = PBXBuildFile; fileRef = DA683E1C20A7094C006D15CE /* TestViewNewCard.swift */; };
		DA683E1F20A70C4C006D15CE /* ViewBoardItem.swift in Sources */ = {isa = PBXBuildFile; fileRef = DA683E1E20A70C4C006D15CE /* ViewBoardItem.swift */; };
		DA683E2120A70C5E006D15CE /* TestViewBoardItem.swift in Sources */ = {isa = PBXBuildFile; fileRef = DA683E2020A70C5E006D15CE /* TestViewBoardItem.swift */; };
		DA683E2520A70E64006D15CE /* ViewModelNewCard.swift in Sources */ = {isa = PBXBuildFile; fileRef = DA683E2420A70E64006D15CE /* ViewModelNewCard.swift */; };
		DA683E2720A70E71006D15CE /* ViewModelBoardItemProtocol.swift in Sources */ = {isa = PBXBuildFile; fileRef = DA683E2620A70E71006D15CE /* ViewModelBoardItemProtocol.swift */; };
		DA683E2B20A71567006D15CE /* PresenterUpdaterProtocol.swift in Sources */ = {isa = PBXBuildFile; fileRef = DA683E2A20A71567006D15CE /* PresenterUpdaterProtocol.swift */; };
		DA6D001320A2F6EC00E50F0A /* assets.xcassets in Resources */ = {isa = PBXBuildFile; fileRef = DA6D001220A2F6EC00E50F0A /* assets.xcassets */; };
		DA6D001520A2FC1C00E50F0A /* ViewCard.swift in Sources */ = {isa = PBXBuildFile; fileRef = DA6D001420A2FC1C00E50F0A /* ViewCard.swift */; };
		DA6D001720A2FC3400E50F0A /* TestViewCard.swift in Sources */ = {isa = PBXBuildFile; fileRef = DA6D001620A2FC3400E50F0A /* TestViewCard.swift */; };
		DA6D001920A30B7A00E50F0A /* TestViewModelBuilder_Height.swift in Sources */ = {isa = PBXBuildFile; fileRef = DA6D001820A30B7A00E50F0A /* TestViewModelBuilder_Height.swift */; };
		DA6D001B20A310C400E50F0A /* TestViewModelCard.swift in Sources */ = {isa = PBXBuildFile; fileRef = DA6D001A20A310C400E50F0A /* TestViewModelCard.swift */; };
		DA6D001D20A3126200E50F0A /* ViewModelCard.swift in Sources */ = {isa = PBXBuildFile; fileRef = DA6D001C20A3126200E50F0A /* ViewModelCard.swift */; };
		DA6D001F20A3180200E50F0A /* TestPresenter_ViewModel_Cards.swift in Sources */ = {isa = PBXBuildFile; fileRef = DA6D001E20A3180200E50F0A /* TestPresenter_ViewModel_Cards.swift */; };
		DA6D002120A31F0800E50F0A /* TestViewModelBuilderTextContent.swift in Sources */ = {isa = PBXBuildFile; fileRef = DA6D002020A31F0800E50F0A /* TestViewModelBuilderTextContent.swift */; };
		DA6D002320A3202400E50F0A /* ViewModelBuilderColumnsTextContent.swift in Sources */ = {isa = PBXBuildFile; fileRef = DA6D002220A3202400E50F0A /* ViewModelBuilderColumnsTextContent.swift */; };
		DA6FDEEF20A7178B00D148DD /* TestPresenter_Updaters.swift in Sources */ = {isa = PBXBuildFile; fileRef = DA6FDEEE20A7178B00D148DD /* TestPresenter_Updaters.swift */; };
		DA6FDEF120A7179E00D148DD /* MockPresenterUpdaterProtocol.swift in Sources */ = {isa = PBXBuildFile; fileRef = DA6FDEF020A7179E00D148DD /* MockPresenterUpdaterProtocol.swift */; };
		DA6FDEF520A71C2F00D148DD /* PresenterUpdaterView.swift in Sources */ = {isa = PBXBuildFile; fileRef = DA6FDEF220A71BB800D148DD /* PresenterUpdaterView.swift */; };
		DA6FDEF720A71C5E00D148DD /* PresenterUpdaterScroll.swift in Sources */ = {isa = PBXBuildFile; fileRef = DA6FDEF620A71C5E00D148DD /* PresenterUpdaterScroll.swift */; };
		DA6FDEF920A71CAB00D148DD /* PresenterUpdaterBoard.swift in Sources */ = {isa = PBXBuildFile; fileRef = DA6FDEF820A71CAB00D148DD /* PresenterUpdaterBoard.swift */; };
		DA6FDEFD20A71CFD00D148DD /* PresenterUpdaterColumns.swift in Sources */ = {isa = PBXBuildFile; fileRef = DA6FDEFC20A71CFD00D148DD /* PresenterUpdaterColumns.swift */; };
		DA6FDEFF20A71D9100D148DD /* PresenterUpdaterBoardItems.swift in Sources */ = {isa = PBXBuildFile; fileRef = DA6FDEFE20A71D9100D148DD /* PresenterUpdaterBoardItems.swift */; };
		DA75B70420A834EE000756C3 /* ViewModelBuilderProtocol.swift in Sources */ = {isa = PBXBuildFile; fileRef = DA75B70320A834EE000756C3 /* ViewModelBuilderProtocol.swift */; };
		DA75B70620A835B5000756C3 /* MockViewModelBuilderProtocol.swift in Sources */ = {isa = PBXBuildFile; fileRef = DA75B70520A835B5000756C3 /* MockViewModelBuilderProtocol.swift */; };
		DA75B70820A8368F000756C3 /* TestViewModelBuilder_Builders.swift in Sources */ = {isa = PBXBuildFile; fileRef = DA75B70720A8368F000756C3 /* TestViewModelBuilder_Builders.swift */; };
		DA75B70A20A837D9000756C3 /* MockProjectManagedProtocol.swift in Sources */ = {isa = PBXBuildFile; fileRef = DA75B70920A837D9000756C3 /* MockProjectManagedProtocol.swift */; };
		DA75B70C20A83C8E000756C3 /* ViewModelBuilderColumns.swift in Sources */ = {isa = PBXBuildFile; fileRef = DA75B70B20A83C8E000756C3 /* ViewModelBuilderColumns.swift */; };
		DA978FAC20A199AC002461E6 /* ViewContants.swift in Sources */ = {isa = PBXBuildFile; fileRef = DA978FAB20A199AC002461E6 /* ViewContants.swift */; };
		DA978FAE20A19B13002461E6 /* TestViewBoard.swift in Sources */ = {isa = PBXBuildFile; fileRef = DA978FAD20A19B13002461E6 /* TestViewBoard.swift */; };
		DA978FB020A19EFD002461E6 /* ViewBoard.swift in Sources */ = {isa = PBXBuildFile; fileRef = DA978FAF20A19EFD002461E6 /* ViewBoard.swift */; };
		DA978FB220A1A216002461E6 /* TestPresenterOutlets.swift in Sources */ = {isa = PBXBuildFile; fileRef = DA978FB120A1A216002461E6 /* TestPresenterOutlets.swift */; };
		DA978FB420A1A3F5002461E6 /* PresenterOutlets.swift in Sources */ = {isa = PBXBuildFile; fileRef = DA978FB320A1A3F5002461E6 /* PresenterOutlets.swift */; };
		DA978FB820A1A6AC002461E6 /* TestPresenter_Outlets.swift in Sources */ = {isa = PBXBuildFile; fileRef = DA978FB720A1A6AC002461E6 /* TestPresenter_Outlets.swift */; };
		DA978FB920A1A81C002461E6 /* Shared.framework in Frameworks */ = {isa = PBXBuildFile; fileRef = DA58BD7C209B3AE10013DBF0 /* Shared.framework */; };
		DA978FBB20A1A838002461E6 /* Board.framework in Frameworks */ = {isa = PBXBuildFile; fileRef = DA978FBA20A1A838002461E6 /* Board.framework */; };
		DA978FBC20A1A848002461E6 /* Board.framework in Frameworks */ = {isa = PBXBuildFile; fileRef = DA978FBA20A1A838002461E6 /* Board.framework */; };
		DA978FBE20A1A8EE002461E6 /* TestPresenterOutletsLoader.swift in Sources */ = {isa = PBXBuildFile; fileRef = DA978FBD20A1A8EE002461E6 /* TestPresenterOutletsLoader.swift */; };
		DA978FC020A1AB6D002461E6 /* PresenterOutletsLoader.swift in Sources */ = {isa = PBXBuildFile; fileRef = DA978FBF20A1AB6D002461E6 /* PresenterOutletsLoader.swift */; };
		DA978FC420A1B467002461E6 /* ViewModel.swift in Sources */ = {isa = PBXBuildFile; fileRef = DA978FC320A1B467002461E6 /* ViewModel.swift */; };
		DA978FC620A1B476002461E6 /* TestViewModel.swift in Sources */ = {isa = PBXBuildFile; fileRef = DA978FC520A1B476002461E6 /* TestViewModel.swift */; };
		DA978FCF20A1C29B002461E6 /* TestController_Presenter.swift in Sources */ = {isa = PBXBuildFile; fileRef = DA978FCE20A1C29B002461E6 /* TestController_Presenter.swift */; };
		DAAF5E6320A9653800354B08 /* TestController_CreateCard.swift in Sources */ = {isa = PBXBuildFile; fileRef = DAAF5E6220A9653800354B08 /* TestController_CreateCard.swift */; };
		DAAF5E6920A96D4600354B08 /* PresenterDrag.swift in Sources */ = {isa = PBXBuildFile; fileRef = DAAF5E6820A96D4600354B08 /* PresenterDrag.swift */; };
		DADB5EC4209B120F00CFFC9A /* TestView.swift in Sources */ = {isa = PBXBuildFile; fileRef = DADB5EC3209B120F00CFFC9A /* TestView.swift */; };
		DADB5EC6209B124700CFFC9A /* View.swift in Sources */ = {isa = PBXBuildFile; fileRef = DADB5EC5209B124700CFFC9A /* View.swift */; };
		DAEE4AA620A1F1A1002D1419 /* ViewModelBuilder.swift in Sources */ = {isa = PBXBuildFile; fileRef = DAEE4AA520A1F1A1002D1419 /* ViewModelBuilder.swift */; };
		DAEE4AA820A1F1B0002D1419 /* TestViewModelBuilder.swift in Sources */ = {isa = PBXBuildFile; fileRef = DAEE4AA720A1F1B0002D1419 /* TestViewModelBuilder.swift */; };
		DAF7E65D209B063300B8A39A /* Presenter.swift in Sources */ = {isa = PBXBuildFile; fileRef = DAF7E65C209B063300B8A39A /* Presenter.swift */; };
		DAF7E660209B064700B8A39A /* TestPresenter.swift in Sources */ = {isa = PBXBuildFile; fileRef = DAF7E65F209B064700B8A39A /* TestPresenter.swift */; };
		DAF84E5520A84F960000BF06 /* ViewModelBuilderView.swift in Sources */ = {isa = PBXBuildFile; fileRef = DAF84E5420A84F960000BF06 /* ViewModelBuilderView.swift */; };
		DAF84E5720A84FDD0000BF06 /* ViewModelBuilderScroll.swift in Sources */ = {isa = PBXBuildFile; fileRef = DAF84E5620A84FDD0000BF06 /* ViewModelBuilderScroll.swift */; };
		DAF84E5920A84FE70000BF06 /* ViewModelBuilderBoard.swift in Sources */ = {isa = PBXBuildFile; fileRef = DAF84E5820A84FE70000BF06 /* ViewModelBuilderBoard.swift */; };
		DAF84E6120A85DBC0000BF06 /* ViewModelConstants.swift in Sources */ = {isa = PBXBuildFile; fileRef = DAF84E6020A85DBC0000BF06 /* ViewModelConstants.swift */; };
		DAF84E6320A85E160000BF06 /* TestViewModelBuilder_NewCard.swift in Sources */ = {isa = PBXBuildFile; fileRef = DAF84E6220A85E160000BF06 /* TestViewModelBuilder_NewCard.swift */; };
		DAF84E6520A861460000BF06 /* ViewModelBuilderItems.swift in Sources */ = {isa = PBXBuildFile; fileRef = DAF84E6420A861460000BF06 /* ViewModelBuilderItems.swift */; };
		DAF84E6720A8688E0000BF06 /* PresenterUpdaterCard.swift in Sources */ = {isa = PBXBuildFile; fileRef = DAF84E6620A8688E0000BF06 /* PresenterUpdaterCard.swift */; };
		DAF84E6920A868C80000BF06 /* PresenterUpdaterBoardItemProtocol.swift in Sources */ = {isa = PBXBuildFile; fileRef = DAF84E6820A868C80000BF06 /* PresenterUpdaterBoardItemProtocol.swift */; };
		DAF84E6B20A870C50000BF06 /* PresenterUpdaterNewCard.swift in Sources */ = {isa = PBXBuildFile; fileRef = DAF84E6A20A870C50000BF06 /* PresenterUpdaterNewCard.swift */; };
		DAFD2FC1209CA9E30005F5D2 /* MockViewDelegateProtocol.swift in Sources */ = {isa = PBXBuildFile; fileRef = DAFD2FC0209CA9E30005F5D2 /* MockViewDelegateProtocol.swift */; };
		DAFD2FC3209CA9E90005F5D2 /* MockPresenterProtocol.swift in Sources */ = {isa = PBXBuildFile; fileRef = DAFD2FC2209CA9E90005F5D2 /* MockPresenterProtocol.swift */; };
		DAFD2FC5209CA9EE0005F5D2 /* MockControllerProtocol.swift in Sources */ = {isa = PBXBuildFile; fileRef = DAFD2FC4209CA9EE0005F5D2 /* MockControllerProtocol.swift */; };
		DAFEF35C209AF82B00740A88 /* Home.framework in Frameworks */ = {isa = PBXBuildFile; fileRef = DAFEF348209AF7D800740A88 /* Home.framework */; };
		DAFEF368209AF8C700740A88 /* TestController.swift in Sources */ = {isa = PBXBuildFile; fileRef = DAFEF367209AF8C700740A88 /* TestController.swift */; };
		DAFEF36A209AF90200740A88 /* Controller.swift in Sources */ = {isa = PBXBuildFile; fileRef = DAFEF369209AF90200740A88 /* Controller.swift */; };
		DAFF567E20A9C99000EF26E3 /* MockViewBoardItem.swift in Sources */ = {isa = PBXBuildFile; fileRef = DAFF567D20A9C99000EF26E3 /* MockViewBoardItem.swift */; };
		DAFF568820A9E56800EF26E3 /* TestPresenterDrag.swift in Sources */ = {isa = PBXBuildFile; fileRef = DAFF568720A9E56800EF26E3 /* TestPresenterDrag.swift */; };
		DAFF568A20A9E96A00EF26E3 /* PresenterDragStrategyProtocol.swift in Sources */ = {isa = PBXBuildFile; fileRef = DAFF568920A9E96A00EF26E3 /* PresenterDragStrategyProtocol.swift */; };
		DAFF568C20A9E98600EF26E3 /* PresenterDragStrategyCard.swift in Sources */ = {isa = PBXBuildFile; fileRef = DAFF568B20A9E98600EF26E3 /* PresenterDragStrategyCard.swift */; };
		DAFF568E20A9E9E500EF26E3 /* PresenterDragStrategyFixed.swift in Sources */ = {isa = PBXBuildFile; fileRef = DAFF568D20A9E9E500EF26E3 /* PresenterDragStrategyFixed.swift */; };
		DAFF569020A9EC0700EF26E3 /* MockPresenterDragStrategyProtocol.swift in Sources */ = {isa = PBXBuildFile; fileRef = DAFF568F20A9EC0700EF26E3 /* MockPresenterDragStrategyProtocol.swift */; };
		DAFF569220A9EC9F00EF26E3 /* TestPresenterDragStrategyCard.swift in Sources */ = {isa = PBXBuildFile; fileRef = DAFF569120A9EC9F00EF26E3 /* TestPresenterDragStrategyCard.swift */; };
		DAFF569420A9EE6B00EF26E3 /* TestPresenterDragStrategyFixed.swift in Sources */ = {isa = PBXBuildFile; fileRef = DAFF569320A9EE6B00EF26E3 /* TestPresenterDragStrategyFixed.swift */; };
/* End PBXBuildFile section */

/* Begin PBXContainerItemProxy section */
		DAFEF35D209AF82B00740A88 /* PBXContainerItemProxy */ = {
			isa = PBXContainerItemProxy;
			containerPortal = DAFEF33F209AF7D800740A88 /* Project object */;
			proxyType = 1;
			remoteGlobalIDString = DAFEF347209AF7D800740A88;
			remoteInfo = Home;
		};
/* End PBXContainerItemProxy section */

/* Begin PBXFileReference section */
		DA0E58B4209F383500AD4425 /* TestViewScroll.swift */ = {isa = PBXFileReference; lastKnownFileType = sourcecode.swift; path = TestViewScroll.swift; sourceTree = "<group>"; };
		DA0E58B6209F386300AD4425 /* ViewScroll.swift */ = {isa = PBXFileReference; lastKnownFileType = sourcecode.swift; path = ViewScroll.swift; sourceTree = "<group>"; };
		DA15451220A468FC00CCC59D /* MockTransitionProtocol.swift */ = {isa = PBXFileReference; lastKnownFileType = sourcecode.swift; path = MockTransitionProtocol.swift; sourceTree = "<group>"; };
		DA15451420A4691F00CCC59D /* TestController_Transition.swift */ = {isa = PBXFileReference; lastKnownFileType = sourcecode.swift; path = TestController_Transition.swift; sourceTree = "<group>"; };
		DA15451620A46DAD00CCC59D /* MockController.swift */ = {isa = PBXFileReference; lastKnownFileType = sourcecode.swift; path = MockController.swift; sourceTree = "<group>"; };
		DA417C4520AAAA0300D2BB8E /* PresenterConstants.swift */ = {isa = PBXFileReference; lastKnownFileType = sourcecode.swift; path = PresenterConstants.swift; sourceTree = "<group>"; };
		DA417C4720AAAD9700D2BB8E /* PresenterDragStrategyProtocol+Default.swift */ = {isa = PBXFileReference; lastKnownFileType = sourcecode.swift; path = "PresenterDragStrategyProtocol+Default.swift"; sourceTree = "<group>"; };
		DA417C4920AAAE8E00D2BB8E /* TestPresenterDragStrategyProtocol.swift */ = {isa = PBXFileReference; lastKnownFileType = sourcecode.swift; path = TestPresenterDragStrategyProtocol.swift; sourceTree = "<group>"; };
		DA417C4B20AABF5800D2BB8E /* PresenterDragStrategyCardStateProtocol.swift */ = {isa = PBXFileReference; lastKnownFileType = sourcecode.swift; path = PresenterDragStrategyCardStateProtocol.swift; sourceTree = "<group>"; };
		DA417C4D20AABF7300D2BB8E /* PresenterDragStrategyCardStateTouchable.swift */ = {isa = PBXFileReference; lastKnownFileType = sourcecode.swift; path = PresenterDragStrategyCardStateTouchable.swift; sourceTree = "<group>"; };
		DA417C4F20AABF8D00D2BB8E /* PresenterDragStrategyCardStateDragging.swift */ = {isa = PBXFileReference; lastKnownFileType = sourcecode.swift; path = PresenterDragStrategyCardStateDragging.swift; sourceTree = "<group>"; };
		DA417C5120AAC2EE00D2BB8E /* TestPresenterDragStrategyCardStateTouchable.swift */ = {isa = PBXFileReference; lastKnownFileType = sourcecode.swift; path = TestPresenterDragStrategyCardStateTouchable.swift; sourceTree = "<group>"; };
		DA417C5320AAC37600D2BB8E /* TestPresenterDragStrategyCardStateDragging.swift */ = {isa = PBXFileReference; lastKnownFileType = sourcecode.swift; path = TestPresenterDragStrategyCardStateDragging.swift; sourceTree = "<group>"; };
		DA417C5520AAC3F800D2BB8E /* MockPresenterDragStrategyCardStateProtocol.swift */ = {isa = PBXFileReference; lastKnownFileType = sourcecode.swift; path = MockPresenterDragStrategyCardStateProtocol.swift; sourceTree = "<group>"; };
		DA417C5720AAC73400D2BB8E /* MockViewCard.swift */ = {isa = PBXFileReference; lastKnownFileType = sourcecode.swift; path = MockViewCard.swift; sourceTree = "<group>"; };
		DA417C6E20AAF68300D2BB8E /* PresenterDragStrategyCardStateDraggingView.swift */ = {isa = PBXFileReference; lastKnownFileType = sourcecode.swift; path = PresenterDragStrategyCardStateDraggingView.swift; sourceTree = "<group>"; };
		DA417C7420AAFF4B00D2BB8E /* TestPresenterDragStrategyCardStateDraggingView.swift */ = {isa = PBXFileReference; lastKnownFileType = sourcecode.swift; path = TestPresenterDragStrategyCardStateDraggingView.swift; sourceTree = "<group>"; };
		DA417C7620AB0B6100D2BB8E /* PresenterDragStrategyCardStateDraggingBoard.swift */ = {isa = PBXFileReference; lastKnownFileType = sourcecode.swift; path = PresenterDragStrategyCardStateDraggingBoard.swift; sourceTree = "<group>"; };
		DA417C7820AB0B9600D2BB8E /* TestPresenterDragStrategyCardStateDraggingBoard.swift */ = {isa = PBXFileReference; lastKnownFileType = sourcecode.swift; path = TestPresenterDragStrategyCardStateDraggingBoard.swift; sourceTree = "<group>"; };
		DA47FB7E20A2BB0800E89334 /* TestPresenter_ViewModel.swift */ = {isa = PBXFileReference; lastKnownFileType = sourcecode.swift; path = TestPresenter_ViewModel.swift; sourceTree = "<group>"; };
		DA47FB8020A2C27800E89334 /* ViewColumn.swift */ = {isa = PBXFileReference; lastKnownFileType = sourcecode.swift; path = ViewColumn.swift; sourceTree = "<group>"; };
		DA47FB8220A2C2B200E89334 /* TestViewModelView.swift */ = {isa = PBXFileReference; lastKnownFileType = sourcecode.swift; path = TestViewModelView.swift; sourceTree = "<group>"; };
		DA47FB8420A2C33500E89334 /* ViewModelView.swift */ = {isa = PBXFileReference; lastKnownFileType = sourcecode.swift; path = ViewModelView.swift; sourceTree = "<group>"; };
		DA47FB8620A2C35600E89334 /* ViewModelScroll.swift */ = {isa = PBXFileReference; lastKnownFileType = sourcecode.swift; path = ViewModelScroll.swift; sourceTree = "<group>"; };
		DA47FB8820A2C37A00E89334 /* ViewModelBoard.swift */ = {isa = PBXFileReference; lastKnownFileType = sourcecode.swift; path = ViewModelBoard.swift; sourceTree = "<group>"; };
		DA47FB8A20A2C39F00E89334 /* TestViewModelScroll.swift */ = {isa = PBXFileReference; lastKnownFileType = sourcecode.swift; path = TestViewModelScroll.swift; sourceTree = "<group>"; };
		DA47FB8C20A2C3B900E89334 /* TestViewModelBoard.swift */ = {isa = PBXFileReference; lastKnownFileType = sourcecode.swift; path = TestViewModelBoard.swift; sourceTree = "<group>"; };
		DA47FB8E20A2C5C400E89334 /* TestViewColumn.swift */ = {isa = PBXFileReference; lastKnownFileType = sourcecode.swift; path = TestViewColumn.swift; sourceTree = "<group>"; };
		DA47FB9020A2C6B200E89334 /* TestViewModelColumn.swift */ = {isa = PBXFileReference; lastKnownFileType = sourcecode.swift; path = TestViewModelColumn.swift; sourceTree = "<group>"; };
		DA47FB9220A2C7C100E89334 /* ViewModelColumn.swift */ = {isa = PBXFileReference; lastKnownFileType = sourcecode.swift; path = ViewModelColumn.swift; sourceTree = "<group>"; };
		DA47FB9420A2D11100E89334 /* TestPresenter_ViewModel_Columns.swift */ = {isa = PBXFileReference; lastKnownFileType = sourcecode.swift; path = TestPresenter_ViewModel_Columns.swift; sourceTree = "<group>"; };
		DA58BD7C209B3AE10013DBF0 /* Shared.framework */ = {isa = PBXFileReference; explicitFileType = wrapper.framework; path = Shared.framework; sourceTree = BUILT_PRODUCTS_DIR; };
		DA683E1A20A7067F006D15CE /* ViewNewCard.swift */ = {isa = PBXFileReference; lastKnownFileType = sourcecode.swift; path = ViewNewCard.swift; sourceTree = "<group>"; };
		DA683E1C20A7094C006D15CE /* TestViewNewCard.swift */ = {isa = PBXFileReference; lastKnownFileType = sourcecode.swift; path = TestViewNewCard.swift; sourceTree = "<group>"; };
		DA683E1E20A70C4C006D15CE /* ViewBoardItem.swift */ = {isa = PBXFileReference; lastKnownFileType = sourcecode.swift; path = ViewBoardItem.swift; sourceTree = "<group>"; };
		DA683E2020A70C5E006D15CE /* TestViewBoardItem.swift */ = {isa = PBXFileReference; lastKnownFileType = sourcecode.swift; path = TestViewBoardItem.swift; sourceTree = "<group>"; };
		DA683E2420A70E64006D15CE /* ViewModelNewCard.swift */ = {isa = PBXFileReference; lastKnownFileType = sourcecode.swift; path = ViewModelNewCard.swift; sourceTree = "<group>"; };
		DA683E2620A70E71006D15CE /* ViewModelBoardItemProtocol.swift */ = {isa = PBXFileReference; lastKnownFileType = sourcecode.swift; path = ViewModelBoardItemProtocol.swift; sourceTree = "<group>"; };
		DA683E2A20A71567006D15CE /* PresenterUpdaterProtocol.swift */ = {isa = PBXFileReference; lastKnownFileType = sourcecode.swift; path = PresenterUpdaterProtocol.swift; sourceTree = "<group>"; };
		DA6D001220A2F6EC00E50F0A /* assets.xcassets */ = {isa = PBXFileReference; lastKnownFileType = folder.assetcatalog; path = assets.xcassets; sourceTree = "<group>"; };
		DA6D001420A2FC1C00E50F0A /* ViewCard.swift */ = {isa = PBXFileReference; lastKnownFileType = sourcecode.swift; path = ViewCard.swift; sourceTree = "<group>"; };
		DA6D001620A2FC3400E50F0A /* TestViewCard.swift */ = {isa = PBXFileReference; lastKnownFileType = sourcecode.swift; path = TestViewCard.swift; sourceTree = "<group>"; };
		DA6D001820A30B7A00E50F0A /* TestViewModelBuilder_Height.swift */ = {isa = PBXFileReference; lastKnownFileType = sourcecode.swift; path = TestViewModelBuilder_Height.swift; sourceTree = "<group>"; };
		DA6D001A20A310C400E50F0A /* TestViewModelCard.swift */ = {isa = PBXFileReference; lastKnownFileType = sourcecode.swift; path = TestViewModelCard.swift; sourceTree = "<group>"; };
		DA6D001C20A3126200E50F0A /* ViewModelCard.swift */ = {isa = PBXFileReference; lastKnownFileType = sourcecode.swift; path = ViewModelCard.swift; sourceTree = "<group>"; };
		DA6D001E20A3180200E50F0A /* TestPresenter_ViewModel_Cards.swift */ = {isa = PBXFileReference; lastKnownFileType = sourcecode.swift; path = TestPresenter_ViewModel_Cards.swift; sourceTree = "<group>"; };
		DA6D002020A31F0800E50F0A /* TestViewModelBuilderTextContent.swift */ = {isa = PBXFileReference; lastKnownFileType = sourcecode.swift; path = TestViewModelBuilderTextContent.swift; sourceTree = "<group>"; };
		DA6D002220A3202400E50F0A /* ViewModelBuilderColumnsTextContent.swift */ = {isa = PBXFileReference; lastKnownFileType = sourcecode.swift; path = ViewModelBuilderColumnsTextContent.swift; sourceTree = "<group>"; };
		DA6FDEEE20A7178B00D148DD /* TestPresenter_Updaters.swift */ = {isa = PBXFileReference; lastKnownFileType = sourcecode.swift; path = TestPresenter_Updaters.swift; sourceTree = "<group>"; };
		DA6FDEF020A7179E00D148DD /* MockPresenterUpdaterProtocol.swift */ = {isa = PBXFileReference; lastKnownFileType = sourcecode.swift; path = MockPresenterUpdaterProtocol.swift; sourceTree = "<group>"; };
		DA6FDEF220A71BB800D148DD /* PresenterUpdaterView.swift */ = {isa = PBXFileReference; lastKnownFileType = sourcecode.swift; path = PresenterUpdaterView.swift; sourceTree = "<group>"; };
		DA6FDEF620A71C5E00D148DD /* PresenterUpdaterScroll.swift */ = {isa = PBXFileReference; lastKnownFileType = sourcecode.swift; path = PresenterUpdaterScroll.swift; sourceTree = "<group>"; };
		DA6FDEF820A71CAB00D148DD /* PresenterUpdaterBoard.swift */ = {isa = PBXFileReference; lastKnownFileType = sourcecode.swift; path = PresenterUpdaterBoard.swift; sourceTree = "<group>"; };
		DA6FDEFC20A71CFD00D148DD /* PresenterUpdaterColumns.swift */ = {isa = PBXFileReference; lastKnownFileType = sourcecode.swift; path = PresenterUpdaterColumns.swift; sourceTree = "<group>"; };
		DA6FDEFE20A71D9100D148DD /* PresenterUpdaterBoardItems.swift */ = {isa = PBXFileReference; lastKnownFileType = sourcecode.swift; path = PresenterUpdaterBoardItems.swift; sourceTree = "<group>"; };
		DA75B70320A834EE000756C3 /* ViewModelBuilderProtocol.swift */ = {isa = PBXFileReference; lastKnownFileType = sourcecode.swift; path = ViewModelBuilderProtocol.swift; sourceTree = "<group>"; };
		DA75B70520A835B5000756C3 /* MockViewModelBuilderProtocol.swift */ = {isa = PBXFileReference; lastKnownFileType = sourcecode.swift; path = MockViewModelBuilderProtocol.swift; sourceTree = "<group>"; };
		DA75B70720A8368F000756C3 /* TestViewModelBuilder_Builders.swift */ = {isa = PBXFileReference; lastKnownFileType = sourcecode.swift; path = TestViewModelBuilder_Builders.swift; sourceTree = "<group>"; };
		DA75B70920A837D9000756C3 /* MockProjectManagedProtocol.swift */ = {isa = PBXFileReference; lastKnownFileType = sourcecode.swift; path = MockProjectManagedProtocol.swift; sourceTree = "<group>"; };
		DA75B70B20A83C8E000756C3 /* ViewModelBuilderColumns.swift */ = {isa = PBXFileReference; lastKnownFileType = sourcecode.swift; path = ViewModelBuilderColumns.swift; sourceTree = "<group>"; };
		DA978FAB20A199AC002461E6 /* ViewContants.swift */ = {isa = PBXFileReference; lastKnownFileType = sourcecode.swift; path = ViewContants.swift; sourceTree = "<group>"; };
		DA978FAD20A19B13002461E6 /* TestViewBoard.swift */ = {isa = PBXFileReference; lastKnownFileType = sourcecode.swift; path = TestViewBoard.swift; sourceTree = "<group>"; };
		DA978FAF20A19EFD002461E6 /* ViewBoard.swift */ = {isa = PBXFileReference; lastKnownFileType = sourcecode.swift; path = ViewBoard.swift; sourceTree = "<group>"; };
		DA978FB120A1A216002461E6 /* TestPresenterOutlets.swift */ = {isa = PBXFileReference; lastKnownFileType = sourcecode.swift; path = TestPresenterOutlets.swift; sourceTree = "<group>"; };
		DA978FB320A1A3F5002461E6 /* PresenterOutlets.swift */ = {isa = PBXFileReference; lastKnownFileType = sourcecode.swift; path = PresenterOutlets.swift; sourceTree = "<group>"; };
		DA978FB720A1A6AC002461E6 /* TestPresenter_Outlets.swift */ = {isa = PBXFileReference; lastKnownFileType = sourcecode.swift; path = TestPresenter_Outlets.swift; sourceTree = "<group>"; };
		DA978FBA20A1A838002461E6 /* Board.framework */ = {isa = PBXFileReference; explicitFileType = wrapper.framework; path = Board.framework; sourceTree = BUILT_PRODUCTS_DIR; };
		DA978FBD20A1A8EE002461E6 /* TestPresenterOutletsLoader.swift */ = {isa = PBXFileReference; lastKnownFileType = sourcecode.swift; path = TestPresenterOutletsLoader.swift; sourceTree = "<group>"; };
		DA978FBF20A1AB6D002461E6 /* PresenterOutletsLoader.swift */ = {isa = PBXFileReference; lastKnownFileType = sourcecode.swift; path = PresenterOutletsLoader.swift; sourceTree = "<group>"; };
		DA978FC320A1B467002461E6 /* ViewModel.swift */ = {isa = PBXFileReference; lastKnownFileType = sourcecode.swift; path = ViewModel.swift; sourceTree = "<group>"; };
		DA978FC520A1B476002461E6 /* TestViewModel.swift */ = {isa = PBXFileReference; lastKnownFileType = sourcecode.swift; path = TestViewModel.swift; sourceTree = "<group>"; };
		DA978FCE20A1C29B002461E6 /* TestController_Presenter.swift */ = {isa = PBXFileReference; lastKnownFileType = sourcecode.swift; path = TestController_Presenter.swift; sourceTree = "<group>"; };
		DAAF5E6220A9653800354B08 /* TestController_CreateCard.swift */ = {isa = PBXFileReference; lastKnownFileType = sourcecode.swift; path = TestController_CreateCard.swift; sourceTree = "<group>"; };
		DAAF5E6820A96D4600354B08 /* PresenterDrag.swift */ = {isa = PBXFileReference; lastKnownFileType = sourcecode.swift; path = PresenterDrag.swift; sourceTree = "<group>"; };
		DADB5EC3209B120F00CFFC9A /* TestView.swift */ = {isa = PBXFileReference; lastKnownFileType = sourcecode.swift; path = TestView.swift; sourceTree = "<group>"; };
		DADB5EC5209B124700CFFC9A /* View.swift */ = {isa = PBXFileReference; lastKnownFileType = sourcecode.swift; path = View.swift; sourceTree = "<group>"; };
		DAEE4AA520A1F1A1002D1419 /* ViewModelBuilder.swift */ = {isa = PBXFileReference; lastKnownFileType = sourcecode.swift; path = ViewModelBuilder.swift; sourceTree = "<group>"; };
		DAEE4AA720A1F1B0002D1419 /* TestViewModelBuilder.swift */ = {isa = PBXFileReference; lastKnownFileType = sourcecode.swift; path = TestViewModelBuilder.swift; sourceTree = "<group>"; };
		DAF7E65C209B063300B8A39A /* Presenter.swift */ = {isa = PBXFileReference; lastKnownFileType = sourcecode.swift; path = Presenter.swift; sourceTree = "<group>"; };
		DAF7E65F209B064700B8A39A /* TestPresenter.swift */ = {isa = PBXFileReference; lastKnownFileType = sourcecode.swift; path = TestPresenter.swift; sourceTree = "<group>"; };
		DAF84E5420A84F960000BF06 /* ViewModelBuilderView.swift */ = {isa = PBXFileReference; lastKnownFileType = sourcecode.swift; path = ViewModelBuilderView.swift; sourceTree = "<group>"; };
		DAF84E5620A84FDD0000BF06 /* ViewModelBuilderScroll.swift */ = {isa = PBXFileReference; lastKnownFileType = sourcecode.swift; path = ViewModelBuilderScroll.swift; sourceTree = "<group>"; };
		DAF84E5820A84FE70000BF06 /* ViewModelBuilderBoard.swift */ = {isa = PBXFileReference; lastKnownFileType = sourcecode.swift; path = ViewModelBuilderBoard.swift; sourceTree = "<group>"; };
		DAF84E6020A85DBC0000BF06 /* ViewModelConstants.swift */ = {isa = PBXFileReference; lastKnownFileType = sourcecode.swift; path = ViewModelConstants.swift; sourceTree = "<group>"; };
		DAF84E6220A85E160000BF06 /* TestViewModelBuilder_NewCard.swift */ = {isa = PBXFileReference; lastKnownFileType = sourcecode.swift; path = TestViewModelBuilder_NewCard.swift; sourceTree = "<group>"; };
		DAF84E6420A861460000BF06 /* ViewModelBuilderItems.swift */ = {isa = PBXFileReference; lastKnownFileType = sourcecode.swift; path = ViewModelBuilderItems.swift; sourceTree = "<group>"; };
		DAF84E6620A8688E0000BF06 /* PresenterUpdaterCard.swift */ = {isa = PBXFileReference; lastKnownFileType = sourcecode.swift; path = PresenterUpdaterCard.swift; sourceTree = "<group>"; };
		DAF84E6820A868C80000BF06 /* PresenterUpdaterBoardItemProtocol.swift */ = {isa = PBXFileReference; lastKnownFileType = sourcecode.swift; path = PresenterUpdaterBoardItemProtocol.swift; sourceTree = "<group>"; };
		DAF84E6A20A870C50000BF06 /* PresenterUpdaterNewCard.swift */ = {isa = PBXFileReference; lastKnownFileType = sourcecode.swift; path = PresenterUpdaterNewCard.swift; sourceTree = "<group>"; };
		DAFD2FC0209CA9E30005F5D2 /* MockViewDelegateProtocol.swift */ = {isa = PBXFileReference; fileEncoding = 4; lastKnownFileType = sourcecode.swift; path = MockViewDelegateProtocol.swift; sourceTree = "<group>"; };
		DAFD2FC2209CA9E90005F5D2 /* MockPresenterProtocol.swift */ = {isa = PBXFileReference; fileEncoding = 4; lastKnownFileType = sourcecode.swift; path = MockPresenterProtocol.swift; sourceTree = "<group>"; };
		DAFD2FC4209CA9EE0005F5D2 /* MockControllerProtocol.swift */ = {isa = PBXFileReference; fileEncoding = 4; lastKnownFileType = sourcecode.swift; path = MockControllerProtocol.swift; sourceTree = "<group>"; };
		DAFEF348209AF7D800740A88 /* Home.framework */ = {isa = PBXFileReference; explicitFileType = wrapper.framework; includeInIndex = 0; path = Home.framework; sourceTree = BUILT_PRODUCTS_DIR; };
		DAFEF357209AF82B00740A88 /* TestsHome.xctest */ = {isa = PBXFileReference; explicitFileType = wrapper.cfbundle; includeInIndex = 0; path = TestsHome.xctest; sourceTree = BUILT_PRODUCTS_DIR; };
		DAFEF362209AF85800740A88 /* Configuration */ = {isa = PBXFileReference; lastKnownFileType = folder; path = Configuration; sourceTree = "<group>"; };
		DAFEF367209AF8C700740A88 /* TestController.swift */ = {isa = PBXFileReference; lastKnownFileType = sourcecode.swift; path = TestController.swift; sourceTree = "<group>"; };
		DAFEF369209AF90200740A88 /* Controller.swift */ = {isa = PBXFileReference; lastKnownFileType = sourcecode.swift; path = Controller.swift; sourceTree = "<group>"; };
		DAFF567D20A9C99000EF26E3 /* MockViewBoardItem.swift */ = {isa = PBXFileReference; lastKnownFileType = sourcecode.swift; path = MockViewBoardItem.swift; sourceTree = "<group>"; };
		DAFF568720A9E56800EF26E3 /* TestPresenterDrag.swift */ = {isa = PBXFileReference; lastKnownFileType = sourcecode.swift; path = TestPresenterDrag.swift; sourceTree = "<group>"; };
		DAFF568920A9E96A00EF26E3 /* PresenterDragStrategyProtocol.swift */ = {isa = PBXFileReference; lastKnownFileType = sourcecode.swift; path = PresenterDragStrategyProtocol.swift; sourceTree = "<group>"; };
		DAFF568B20A9E98600EF26E3 /* PresenterDragStrategyCard.swift */ = {isa = PBXFileReference; lastKnownFileType = sourcecode.swift; path = PresenterDragStrategyCard.swift; sourceTree = "<group>"; };
		DAFF568D20A9E9E500EF26E3 /* PresenterDragStrategyFixed.swift */ = {isa = PBXFileReference; lastKnownFileType = sourcecode.swift; path = PresenterDragStrategyFixed.swift; sourceTree = "<group>"; };
		DAFF568F20A9EC0700EF26E3 /* MockPresenterDragStrategyProtocol.swift */ = {isa = PBXFileReference; lastKnownFileType = sourcecode.swift; path = MockPresenterDragStrategyProtocol.swift; sourceTree = "<group>"; };
		DAFF569120A9EC9F00EF26E3 /* TestPresenterDragStrategyCard.swift */ = {isa = PBXFileReference; lastKnownFileType = sourcecode.swift; path = TestPresenterDragStrategyCard.swift; sourceTree = "<group>"; };
		DAFF569320A9EE6B00EF26E3 /* TestPresenterDragStrategyFixed.swift */ = {isa = PBXFileReference; lastKnownFileType = sourcecode.swift; path = TestPresenterDragStrategyFixed.swift; sourceTree = "<group>"; };
/* End PBXFileReference section */

/* Begin PBXFrameworksBuildPhase section */
		DAFEF344209AF7D800740A88 /* Frameworks */ = {
			isa = PBXFrameworksBuildPhase;
			buildActionMask = 2147483647;
			files = (
				DA978FBB20A1A838002461E6 /* Board.framework in Frameworks */,
				DA58BD7D209B3AE10013DBF0 /* Shared.framework in Frameworks */,
			);
			runOnlyForDeploymentPostprocessing = 0;
		};
		DAFEF354209AF82B00740A88 /* Frameworks */ = {
			isa = PBXFrameworksBuildPhase;
			buildActionMask = 2147483647;
			files = (
				DAFEF35C209AF82B00740A88 /* Home.framework in Frameworks */,
				DA978FB920A1A81C002461E6 /* Shared.framework in Frameworks */,
				DA978FBC20A1A848002461E6 /* Board.framework in Frameworks */,
			);
			runOnlyForDeploymentPostprocessing = 0;
		};
/* End PBXFrameworksBuildPhase section */

/* Begin PBXGroup section */
		DA58BD7B209B3AE10013DBF0 /* Frameworks */ = {
			isa = PBXGroup;
			children = (
				DA978FBA20A1A838002461E6 /* Board.framework */,
				DA58BD7C209B3AE10013DBF0 /* Shared.framework */,
			);
			name = Frameworks;
			sourceTree = "<group>";
		};
		DA6D001120A2F6D200E50F0A /* Assets */ = {
			isa = PBXGroup;
			children = (
				DA6D001220A2F6EC00E50F0A /* assets.xcassets */,
			);
			path = Assets;
			sourceTree = "<group>";
		};
		DA978FC120A1B43E002461E6 /* ViewModel */ = {
			isa = PBXGroup;
			children = (
				DA978FC520A1B476002461E6 /* TestViewModel.swift */,
				DAEE4AA720A1F1B0002D1419 /* TestViewModelBuilder.swift */,
				DA6D001820A30B7A00E50F0A /* TestViewModelBuilder_Height.swift */,
				DA75B70720A8368F000756C3 /* TestViewModelBuilder_Builders.swift */,
				DAF84E6220A85E160000BF06 /* TestViewModelBuilder_NewCard.swift */,
				DA6D002020A31F0800E50F0A /* TestViewModelBuilderTextContent.swift */,
				DA47FB8220A2C2B200E89334 /* TestViewModelView.swift */,
				DA47FB8A20A2C39F00E89334 /* TestViewModelScroll.swift */,
				DA47FB8C20A2C3B900E89334 /* TestViewModelBoard.swift */,
				DA47FB9020A2C6B200E89334 /* TestViewModelColumn.swift */,
				DA6D001A20A310C400E50F0A /* TestViewModelCard.swift */,
				DA75B70520A835B5000756C3 /* MockViewModelBuilderProtocol.swift */,
			);
			path = ViewModel;
			sourceTree = "<group>";
		};
		DA978FC220A1B457002461E6 /* ViewModel */ = {
			isa = PBXGroup;
			children = (
				DA978FC320A1B467002461E6 /* ViewModel.swift */,
				DAF84E6020A85DBC0000BF06 /* ViewModelConstants.swift */,
				DAEE4AA520A1F1A1002D1419 /* ViewModelBuilder.swift */,
				DA75B70320A834EE000756C3 /* ViewModelBuilderProtocol.swift */,
				DA75B70B20A83C8E000756C3 /* ViewModelBuilderColumns.swift */,
				DAF84E6420A861460000BF06 /* ViewModelBuilderItems.swift */,
				DA6D002220A3202400E50F0A /* ViewModelBuilderColumnsTextContent.swift */,
				DAF84E5420A84F960000BF06 /* ViewModelBuilderView.swift */,
				DAF84E5620A84FDD0000BF06 /* ViewModelBuilderScroll.swift */,
				DAF84E5820A84FE70000BF06 /* ViewModelBuilderBoard.swift */,
				DA47FB8420A2C33500E89334 /* ViewModelView.swift */,
				DA47FB8620A2C35600E89334 /* ViewModelScroll.swift */,
				DA47FB8820A2C37A00E89334 /* ViewModelBoard.swift */,
				DA683E2620A70E71006D15CE /* ViewModelBoardItemProtocol.swift */,
				DA47FB9220A2C7C100E89334 /* ViewModelColumn.swift */,
				DA6D001C20A3126200E50F0A /* ViewModelCard.swift */,
				DA683E2420A70E64006D15CE /* ViewModelNewCard.swift */,
			);
			path = ViewModel;
			sourceTree = "<group>";
		};
		DADB5EC1209B11E200CFFC9A /* View */ = {
			isa = PBXGroup;
			children = (
				DADB5EC5209B124700CFFC9A /* View.swift */,
				DA978FAB20A199AC002461E6 /* ViewContants.swift */,
				DA0E58B6209F386300AD4425 /* ViewScroll.swift */,
				DA978FAF20A19EFD002461E6 /* ViewBoard.swift */,
				DA683E1E20A70C4C006D15CE /* ViewBoardItem.swift */,
				DA47FB8020A2C27800E89334 /* ViewColumn.swift */,
				DA6D001420A2FC1C00E50F0A /* ViewCard.swift */,
				DA683E1A20A7067F006D15CE /* ViewNewCard.swift */,
			);
			path = View;
			sourceTree = "<group>";
		};
		DADB5EC2209B11F800CFFC9A /* View */ = {
			isa = PBXGroup;
			children = (
				DADB5EC3209B120F00CFFC9A /* TestView.swift */,
				DA0E58B4209F383500AD4425 /* TestViewScroll.swift */,
				DA978FAD20A19B13002461E6 /* TestViewBoard.swift */,
				DA683E2020A70C5E006D15CE /* TestViewBoardItem.swift */,
				DA47FB8E20A2C5C400E89334 /* TestViewColumn.swift */,
				DA6D001620A2FC3400E50F0A /* TestViewCard.swift */,
				DA683E1C20A7094C006D15CE /* TestViewNewCard.swift */,
				DAFD2FC0209CA9E30005F5D2 /* MockViewDelegateProtocol.swift */,
				DAFF567D20A9C99000EF26E3 /* MockViewBoardItem.swift */,
				DA417C5720AAC73400D2BB8E /* MockViewCard.swift */,
			);
			path = View;
			sourceTree = "<group>";
		};
		DAF7E65B209B062400B8A39A /* Presenter */ = {
			isa = PBXGroup;
			children = (
				DAF7E65C209B063300B8A39A /* Presenter.swift */,
				DA417C4520AAAA0300D2BB8E /* PresenterConstants.swift */,
				DA978FB320A1A3F5002461E6 /* PresenterOutlets.swift */,
				DA978FBF20A1AB6D002461E6 /* PresenterOutletsLoader.swift */,
				DA683E2A20A71567006D15CE /* PresenterUpdaterProtocol.swift */,
				DA6FDEF220A71BB800D148DD /* PresenterUpdaterView.swift */,
				DA6FDEF620A71C5E00D148DD /* PresenterUpdaterScroll.swift */,
				DA6FDEF820A71CAB00D148DD /* PresenterUpdaterBoard.swift */,
				DA6FDEFC20A71CFD00D148DD /* PresenterUpdaterColumns.swift */,
				DA6FDEFE20A71D9100D148DD /* PresenterUpdaterBoardItems.swift */,
				DAF84E6820A868C80000BF06 /* PresenterUpdaterBoardItemProtocol.swift */,
				DAF84E6620A8688E0000BF06 /* PresenterUpdaterCard.swift */,
				DAF84E6A20A870C50000BF06 /* PresenterUpdaterNewCard.swift */,
				DAAF5E6820A96D4600354B08 /* PresenterDrag.swift */,
				DAFF568920A9E96A00EF26E3 /* PresenterDragStrategyProtocol.swift */,
				DA417C4720AAAD9700D2BB8E /* PresenterDragStrategyProtocol+Default.swift */,
				DAFF568B20A9E98600EF26E3 /* PresenterDragStrategyCard.swift */,
				DA417C4B20AABF5800D2BB8E /* PresenterDragStrategyCardStateProtocol.swift */,
				DA417C4D20AABF7300D2BB8E /* PresenterDragStrategyCardStateTouchable.swift */,
				DA417C4F20AABF8D00D2BB8E /* PresenterDragStrategyCardStateDragging.swift */,
				DA417C6E20AAF68300D2BB8E /* PresenterDragStrategyCardStateDraggingView.swift */,
				DA417C7620AB0B6100D2BB8E /* PresenterDragStrategyCardStateDraggingBoard.swift */,
				DAFF568D20A9E9E500EF26E3 /* PresenterDragStrategyFixed.swift */,
			);
			path = Presenter;
			sourceTree = "<group>";
		};
		DAF7E65E209B063800B8A39A /* Presenter */ = {
			isa = PBXGroup;
			children = (
				DAF7E65F209B064700B8A39A /* TestPresenter.swift */,
				DA978FB720A1A6AC002461E6 /* TestPresenter_Outlets.swift */,
				DA47FB7E20A2BB0800E89334 /* TestPresenter_ViewModel.swift */,
				DA47FB9420A2D11100E89334 /* TestPresenter_ViewModel_Columns.swift */,
				DA6D001E20A3180200E50F0A /* TestPresenter_ViewModel_Cards.swift */,
				DA6FDEEE20A7178B00D148DD /* TestPresenter_Updaters.swift */,
				DA978FB120A1A216002461E6 /* TestPresenterOutlets.swift */,
				DA978FBD20A1A8EE002461E6 /* TestPresenterOutletsLoader.swift */,
				DAFF568720A9E56800EF26E3 /* TestPresenterDrag.swift */,
				DA417C4920AAAE8E00D2BB8E /* TestPresenterDragStrategyProtocol.swift */,
				DAFF569120A9EC9F00EF26E3 /* TestPresenterDragStrategyCard.swift */,
				DAFF569320A9EE6B00EF26E3 /* TestPresenterDragStrategyFixed.swift */,
				DA417C5120AAC2EE00D2BB8E /* TestPresenterDragStrategyCardStateTouchable.swift */,
				DA417C5320AAC37600D2BB8E /* TestPresenterDragStrategyCardStateDragging.swift */,
				DA417C7420AAFF4B00D2BB8E /* TestPresenterDragStrategyCardStateDraggingView.swift */,
				DA417C7820AB0B9600D2BB8E /* TestPresenterDragStrategyCardStateDraggingBoard.swift */,
				DAFD2FC2209CA9E90005F5D2 /* MockPresenterProtocol.swift */,
				DA6FDEF020A7179E00D148DD /* MockPresenterUpdaterProtocol.swift */,
				DAFF568F20A9EC0700EF26E3 /* MockPresenterDragStrategyProtocol.swift */,
				DA417C5520AAC3F800D2BB8E /* MockPresenterDragStrategyCardStateProtocol.swift */,
			);
			path = Presenter;
			sourceTree = "<group>";
		};
		DAFEF33E209AF7D800740A88 = {
			isa = PBXGroup;
			children = (
				DAFEF363209AF88400740A88 /* Source */,
				DAFEF364209AF88D00740A88 /* Tests */,
				DA6D001120A2F6D200E50F0A /* Assets */,
				DAFEF349209AF7D800740A88 /* Products */,
				DA58BD7B209B3AE10013DBF0 /* Frameworks */,
				DAFEF362209AF85800740A88 /* Configuration */,
			);
			sourceTree = "<group>";
		};
		DAFEF349209AF7D800740A88 /* Products */ = {
			isa = PBXGroup;
			children = (
				DAFEF348209AF7D800740A88 /* Home.framework */,
				DAFEF357209AF82B00740A88 /* TestsHome.xctest */,
			);
			name = Products;
			sourceTree = "<group>";
		};
		DAFEF363209AF88400740A88 /* Source */ = {
			isa = PBXGroup;
			children = (
				DAFEF365209AF8B100740A88 /* Controller */,
				DAF7E65B209B062400B8A39A /* Presenter */,
				DADB5EC1209B11E200CFFC9A /* View */,
				DA978FC220A1B457002461E6 /* ViewModel */,
			);
			path = Source;
			sourceTree = "<group>";
		};
		DAFEF364209AF88D00740A88 /* Tests */ = {
			isa = PBXGroup;
			children = (
				DAFEF366209AF8B800740A88 /* Controller */,
				DAF7E65E209B063800B8A39A /* Presenter */,
				DADB5EC2209B11F800CFFC9A /* View */,
				DA978FC120A1B43E002461E6 /* ViewModel */,
			);
			path = Tests;
			sourceTree = "<group>";
		};
		DAFEF365209AF8B100740A88 /* Controller */ = {
			isa = PBXGroup;
			children = (
				DAFEF369209AF90200740A88 /* Controller.swift */,
			);
			path = Controller;
			sourceTree = "<group>";
		};
		DAFEF366209AF8B800740A88 /* Controller */ = {
			isa = PBXGroup;
			children = (
				DAFEF367209AF8C700740A88 /* TestController.swift */,
				DA15451420A4691F00CCC59D /* TestController_Transition.swift */,
				DA978FCE20A1C29B002461E6 /* TestController_Presenter.swift */,
				DAAF5E6220A9653800354B08 /* TestController_CreateCard.swift */,
				DA15451620A46DAD00CCC59D /* MockController.swift */,
				DAFD2FC4209CA9EE0005F5D2 /* MockControllerProtocol.swift */,
				DA15451220A468FC00CCC59D /* MockTransitionProtocol.swift */,
				DA75B70920A837D9000756C3 /* MockProjectManagedProtocol.swift */,
			);
			path = Controller;
			sourceTree = "<group>";
		};
/* End PBXGroup section */

/* Begin PBXHeadersBuildPhase section */
		DAFEF345209AF7D800740A88 /* Headers */ = {
			isa = PBXHeadersBuildPhase;
			buildActionMask = 2147483647;
			files = (
			);
			runOnlyForDeploymentPostprocessing = 0;
		};
/* End PBXHeadersBuildPhase section */

/* Begin PBXNativeTarget section */
		DAFEF347209AF7D800740A88 /* Home */ = {
			isa = PBXNativeTarget;
			buildConfigurationList = DAFEF350209AF7D800740A88 /* Build configuration list for PBXNativeTarget "Home" */;
			buildPhases = (
				DAFEF343209AF7D800740A88 /* Sources */,
				DAFEF344209AF7D800740A88 /* Frameworks */,
				DAFEF345209AF7D800740A88 /* Headers */,
				DAFEF346209AF7D800740A88 /* Resources */,
			);
			buildRules = (
			);
			dependencies = (
			);
			name = Home;
			productName = Home;
			productReference = DAFEF348209AF7D800740A88 /* Home.framework */;
			productType = "com.apple.product-type.framework";
		};
		DAFEF356209AF82B00740A88 /* TestsHome */ = {
			isa = PBXNativeTarget;
			buildConfigurationList = DAFEF35F209AF82B00740A88 /* Build configuration list for PBXNativeTarget "TestsHome" */;
			buildPhases = (
				DAFEF353209AF82B00740A88 /* Sources */,
				DAFEF354209AF82B00740A88 /* Frameworks */,
				DAFEF355209AF82B00740A88 /* Resources */,
			);
			buildRules = (
			);
			dependencies = (
				DAFEF35E209AF82B00740A88 /* PBXTargetDependency */,
			);
			name = TestsHome;
			productName = Tests;
			productReference = DAFEF357209AF82B00740A88 /* TestsHome.xctest */;
			productType = "com.apple.product-type.bundle.unit-test";
		};
/* End PBXNativeTarget section */

/* Begin PBXProject section */
		DAFEF33F209AF7D800740A88 /* Project object */ = {
			isa = PBXProject;
			attributes = {
				LastSwiftUpdateCheck = 0930;
				LastUpgradeCheck = 0930;
				ORGANIZATIONNAME = iturbide;
				TargetAttributes = {
					DAFEF347209AF7D800740A88 = {
						CreatedOnToolsVersion = 9.3;
						LastSwiftMigration = 0930;
					};
					DAFEF356209AF82B00740A88 = {
						CreatedOnToolsVersion = 9.3;
						LastSwiftMigration = 0930;
					};
				};
			};
			buildConfigurationList = DAFEF342209AF7D800740A88 /* Build configuration list for PBXProject "Home" */;
			compatibilityVersion = "Xcode 9.3";
			developmentRegion = en;
			hasScannedForEncodings = 0;
			knownRegions = (
				en,
			);
			mainGroup = DAFEF33E209AF7D800740A88;
			productRefGroup = DAFEF349209AF7D800740A88 /* Products */;
			projectDirPath = "";
			projectRoot = "";
			targets = (
				DAFEF347209AF7D800740A88 /* Home */,
				DAFEF356209AF82B00740A88 /* TestsHome */,
			);
		};
/* End PBXProject section */

/* Begin PBXResourcesBuildPhase section */
		DAFEF346209AF7D800740A88 /* Resources */ = {
			isa = PBXResourcesBuildPhase;
			buildActionMask = 2147483647;
			files = (
				DA6D001320A2F6EC00E50F0A /* assets.xcassets in Resources */,
			);
			runOnlyForDeploymentPostprocessing = 0;
		};
		DAFEF355209AF82B00740A88 /* Resources */ = {
			isa = PBXResourcesBuildPhase;
			buildActionMask = 2147483647;
			files = (
			);
			runOnlyForDeploymentPostprocessing = 0;
		};
/* End PBXResourcesBuildPhase section */

/* Begin PBXSourcesBuildPhase section */
		DAFEF343209AF7D800740A88 /* Sources */ = {
			isa = PBXSourcesBuildPhase;
			buildActionMask = 2147483647;
			files = (
				DA683E2B20A71567006D15CE /* PresenterUpdaterProtocol.swift in Sources */,
				DAFF568A20A9E96A00EF26E3 /* PresenterDragStrategyProtocol.swift in Sources */,
				DAF84E6B20A870C50000BF06 /* PresenterUpdaterNewCard.swift in Sources */,
				DAF7E65D209B063300B8A39A /* Presenter.swift in Sources */,
				DAFF568E20A9E9E500EF26E3 /* PresenterDragStrategyFixed.swift in Sources */,
				DA683E2520A70E64006D15CE /* ViewModelNewCard.swift in Sources */,
				DA417C5020AABF8D00D2BB8E /* PresenterDragStrategyCardStateDragging.swift in Sources */,
				DA683E2720A70E71006D15CE /* ViewModelBoardItemProtocol.swift in Sources */,
				DA6FDEFF20A71D9100D148DD /* PresenterUpdaterBoardItems.swift in Sources */,
				DAF84E5520A84F960000BF06 /* ViewModelBuilderView.swift in Sources */,
				DA47FB8120A2C27800E89334 /* ViewColumn.swift in Sources */,
				DA6FDEFD20A71CFD00D148DD /* PresenterUpdaterColumns.swift in Sources */,
				DA75B70420A834EE000756C3 /* ViewModelBuilderProtocol.swift in Sources */,
				DA978FC420A1B467002461E6 /* ViewModel.swift in Sources */,
				DA6FDEF720A71C5E00D148DD /* PresenterUpdaterScroll.swift in Sources */,
				DA47FB8920A2C37A00E89334 /* ViewModelBoard.swift in Sources */,
				DA0E58B7209F386300AD4425 /* ViewScroll.swift in Sources */,
				DA47FB9320A2C7C100E89334 /* ViewModelColumn.swift in Sources */,
				DA683E1B20A7067F006D15CE /* ViewNewCard.swift in Sources */,
				DA47FB8720A2C35600E89334 /* ViewModelScroll.swift in Sources */,
				DAF84E6720A8688E0000BF06 /* PresenterUpdaterCard.swift in Sources */,
				DAEE4AA620A1F1A1002D1419 /* ViewModelBuilder.swift in Sources */,
				DA417C4E20AABF7300D2BB8E /* PresenterDragStrategyCardStateTouchable.swift in Sources */,
				DAFEF36A209AF90200740A88 /* Controller.swift in Sources */,
				DAF84E6120A85DBC0000BF06 /* ViewModelConstants.swift in Sources */,
				DA417C6F20AAF68300D2BB8E /* PresenterDragStrategyCardStateDraggingView.swift in Sources */,
				DA978FB020A19EFD002461E6 /* ViewBoard.swift in Sources */,
				DA75B70C20A83C8E000756C3 /* ViewModelBuilderColumns.swift in Sources */,
				DA6D002320A3202400E50F0A /* ViewModelBuilderColumnsTextContent.swift in Sources */,
				DA978FB420A1A3F5002461E6 /* PresenterOutlets.swift in Sources */,
				DA6FDEF920A71CAB00D148DD /* PresenterUpdaterBoard.swift in Sources */,
				DAFF568C20A9E98600EF26E3 /* PresenterDragStrategyCard.swift in Sources */,
				DADB5EC6209B124700CFFC9A /* View.swift in Sources */,
				DA47FB8520A2C33500E89334 /* ViewModelView.swift in Sources */,
				DAF84E5720A84FDD0000BF06 /* ViewModelBuilderScroll.swift in Sources */,
				DA978FC020A1AB6D002461E6 /* PresenterOutletsLoader.swift in Sources */,
				DA417C7720AB0B6100D2BB8E /* PresenterDragStrategyCardStateDraggingBoard.swift in Sources */,
				DA683E1F20A70C4C006D15CE /* ViewBoardItem.swift in Sources */,
				DA6D001520A2FC1C00E50F0A /* ViewCard.swift in Sources */,
				DA417C4620AAAA0300D2BB8E /* PresenterConstants.swift in Sources */,
				DAF84E6520A861460000BF06 /* ViewModelBuilderItems.swift in Sources */,
				DAF84E6920A868C80000BF06 /* PresenterUpdaterBoardItemProtocol.swift in Sources */,
				DA6FDEF520A71C2F00D148DD /* PresenterUpdaterView.swift in Sources */,
				DA417C4C20AABF5800D2BB8E /* PresenterDragStrategyCardStateProtocol.swift in Sources */,
				DAF84E5920A84FE70000BF06 /* ViewModelBuilderBoard.swift in Sources */,
				DA6D001D20A3126200E50F0A /* ViewModelCard.swift in Sources */,
				DA417C4820AAAD9700D2BB8E /* PresenterDragStrategyProtocol+Default.swift in Sources */,
				DAAF5E6920A96D4600354B08 /* PresenterDrag.swift in Sources */,
				DA978FAC20A199AC002461E6 /* ViewContants.swift in Sources */,
			);
			runOnlyForDeploymentPostprocessing = 0;
		};
		DAFEF353209AF82B00740A88 /* Sources */ = {
			isa = PBXSourcesBuildPhase;
			buildActionMask = 2147483647;
			files = (
				DADB5EC4209B120F00CFFC9A /* TestView.swift in Sources */,
				DA978FAE20A19B13002461E6 /* TestViewBoard.swift in Sources */,
				DA75B70A20A837D9000756C3 /* MockProjectManagedProtocol.swift in Sources */,
				DAF7E660209B064700B8A39A /* TestPresenter.swift in Sources */,
				DA417C7920AB0B9600D2BB8E /* TestPresenterDragStrategyCardStateDraggingBoard.swift in Sources */,
				DAFEF368209AF8C700740A88 /* TestController.swift in Sources */,
				DA15451520A4691F00CCC59D /* TestController_Transition.swift in Sources */,
				DA978FBE20A1A8EE002461E6 /* TestPresenterOutletsLoader.swift in Sources */,
				DAFD2FC5209CA9EE0005F5D2 /* MockControllerProtocol.swift in Sources */,
				DA978FC620A1B476002461E6 /* TestViewModel.swift in Sources */,
				DA978FB820A1A6AC002461E6 /* TestPresenter_Outlets.swift in Sources */,
				DA6D001B20A310C400E50F0A /* TestViewModelCard.swift in Sources */,
				DAFD2FC1209CA9E30005F5D2 /* MockViewDelegateProtocol.swift in Sources */,
				DA15451720A46DAD00CCC59D /* MockController.swift in Sources */,
				DA75B70620A835B5000756C3 /* MockViewModelBuilderProtocol.swift in Sources */,
				DA47FB8320A2C2B200E89334 /* TestViewModelView.swift in Sources */,
				DAF84E6320A85E160000BF06 /* TestViewModelBuilder_NewCard.swift in Sources */,
				DAFF568820A9E56800EF26E3 /* TestPresenterDrag.swift in Sources */,
				DA683E2120A70C5E006D15CE /* TestViewBoardItem.swift in Sources */,
				DA47FB9120A2C6B200E89334 /* TestViewModelColumn.swift in Sources */,
				DA6D001920A30B7A00E50F0A /* TestViewModelBuilder_Height.swift in Sources */,
				DA47FB8F20A2C5C400E89334 /* TestViewColumn.swift in Sources */,
				DA417C4A20AAAE8E00D2BB8E /* TestPresenterDragStrategyProtocol.swift in Sources */,
				DAFF569220A9EC9F00EF26E3 /* TestPresenterDragStrategyCard.swift in Sources */,
				DA47FB8B20A2C39F00E89334 /* TestViewModelScroll.swift in Sources */,
				DA47FB8D20A2C3B900E89334 /* TestViewModelBoard.swift in Sources */,
				DA978FCF20A1C29B002461E6 /* TestController_Presenter.swift in Sources */,
				DAFF569420A9EE6B00EF26E3 /* TestPresenterDragStrategyFixed.swift in Sources */,
				DAFD2FC3209CA9E90005F5D2 /* MockPresenterProtocol.swift in Sources */,
				DA75B70820A8368F000756C3 /* TestViewModelBuilder_Builders.swift in Sources */,
				DA6FDEF120A7179E00D148DD /* MockPresenterUpdaterProtocol.swift in Sources */,
				DA15451320A468FC00CCC59D /* MockTransitionProtocol.swift in Sources */,
				DA6FDEEF20A7178B00D148DD /* TestPresenter_Updaters.swift in Sources */,
				DA6D002120A31F0800E50F0A /* TestViewModelBuilderTextContent.swift in Sources */,
				DA6D001F20A3180200E50F0A /* TestPresenter_ViewModel_Cards.swift in Sources */,
				DA417C7520AAFF4B00D2BB8E /* TestPresenterDragStrategyCardStateDraggingView.swift in Sources */,
				DAFF569020A9EC0700EF26E3 /* MockPresenterDragStrategyProtocol.swift in Sources */,
				DA0E58B5209F383500AD4425 /* TestViewScroll.swift in Sources */,
				DA417C5220AAC2EE00D2BB8E /* TestPresenterDragStrategyCardStateTouchable.swift in Sources */,
				DAFF567E20A9C99000EF26E3 /* MockViewBoardItem.swift in Sources */,
				DA978FB220A1A216002461E6 /* TestPresenterOutlets.swift in Sources */,
				DA47FB7F20A2BB0800E89334 /* TestPresenter_ViewModel.swift in Sources */,
				DA417C5620AAC3F800D2BB8E /* MockPresenterDragStrategyCardStateProtocol.swift in Sources */,
				DAEE4AA820A1F1B0002D1419 /* TestViewModelBuilder.swift in Sources */,
				DA6D001720A2FC3400E50F0A /* TestViewCard.swift in Sources */,
				DAAF5E6320A9653800354B08 /* TestController_CreateCard.swift in Sources */,
				DA417C5820AAC73400D2BB8E /* MockViewCard.swift in Sources */,
				DA47FB9520A2D11100E89334 /* TestPresenter_ViewModel_Columns.swift in Sources */,
				DA417C5420AAC37600D2BB8E /* TestPresenterDragStrategyCardStateDragging.swift in Sources */,
				DA683E1D20A7094C006D15CE /* TestViewNewCard.swift in Sources */,
			);
			runOnlyForDeploymentPostprocessing = 0;
		};
/* End PBXSourcesBuildPhase section */

/* Begin PBXTargetDependency section */
		DAFEF35E209AF82B00740A88 /* PBXTargetDependency */ = {
			isa = PBXTargetDependency;
			target = DAFEF347209AF7D800740A88 /* Home */;
			targetProxy = DAFEF35D209AF82B00740A88 /* PBXContainerItemProxy */;
		};
/* End PBXTargetDependency section */

/* Begin XCBuildConfiguration section */
		DAFEF34E209AF7D800740A88 /* Debug */ = {
			isa = XCBuildConfiguration;
			buildSettings = {
				ALWAYS_SEARCH_USER_PATHS = NO;
				CLANG_ANALYZER_NONNULL = YES;
				CLANG_ANALYZER_NUMBER_OBJECT_CONVERSION = YES_AGGRESSIVE;
				CLANG_CXX_LANGUAGE_STANDARD = "gnu++14";
				CLANG_CXX_LIBRARY = "libc++";
				CLANG_ENABLE_OBJC_ARC = YES;
				CLANG_ENABLE_OBJC_WEAK = YES;
				CLANG_WARN_BLOCK_CAPTURE_AUTORELEASING = YES;
				CLANG_WARN_BOOL_CONVERSION = YES;
				CLANG_WARN_COMMA = YES;
				CLANG_WARN_CONSTANT_CONVERSION = YES;
				CLANG_WARN_DEPRECATED_OBJC_IMPLEMENTATIONS = YES;
				CLANG_WARN_DIRECT_OBJC_ISA_USAGE = YES_ERROR;
				CLANG_WARN_DOCUMENTATION_COMMENTS = YES;
				CLANG_WARN_EMPTY_BODY = YES;
				CLANG_WARN_ENUM_CONVERSION = YES;
				CLANG_WARN_INFINITE_RECURSION = YES;
				CLANG_WARN_INT_CONVERSION = YES;
				CLANG_WARN_NON_LITERAL_NULL_CONVERSION = YES;
				CLANG_WARN_OBJC_IMPLICIT_RETAIN_SELF = YES;
				CLANG_WARN_OBJC_LITERAL_CONVERSION = YES;
				CLANG_WARN_OBJC_ROOT_CLASS = YES_ERROR;
				CLANG_WARN_RANGE_LOOP_ANALYSIS = YES;
				CLANG_WARN_STRICT_PROTOTYPES = YES;
				CLANG_WARN_SUSPICIOUS_MOVE = YES;
				CLANG_WARN_UNGUARDED_AVAILABILITY = YES_AGGRESSIVE;
				CLANG_WARN_UNREACHABLE_CODE = YES;
				CLANG_WARN__DUPLICATE_METHOD_MATCH = YES;
				CODE_SIGN_IDENTITY = "iPhone Developer";
				COPY_PHASE_STRIP = NO;
				CURRENT_PROJECT_VERSION = 1;
				DEBUG_INFORMATION_FORMAT = dwarf;
				ENABLE_STRICT_OBJC_MSGSEND = YES;
				ENABLE_TESTABILITY = YES;
				GCC_C_LANGUAGE_STANDARD = gnu11;
				GCC_DYNAMIC_NO_PIC = NO;
				GCC_NO_COMMON_BLOCKS = YES;
				GCC_OPTIMIZATION_LEVEL = 0;
				GCC_PREPROCESSOR_DEFINITIONS = (
					"DEBUG=1",
					"$(inherited)",
				);
				GCC_WARN_64_TO_32_BIT_CONVERSION = YES;
				GCC_WARN_ABOUT_RETURN_TYPE = YES_ERROR;
				GCC_WARN_UNDECLARED_SELECTOR = YES;
				GCC_WARN_UNINITIALIZED_AUTOS = YES_AGGRESSIVE;
				GCC_WARN_UNUSED_FUNCTION = YES;
				GCC_WARN_UNUSED_VARIABLE = YES;
				IPHONEOS_DEPLOYMENT_TARGET = 11.0;
				MTL_ENABLE_DEBUG_INFO = YES;
				ONLY_ACTIVE_ARCH = YES;
				SDKROOT = iphoneos;
				SWIFT_ACTIVE_COMPILATION_CONDITIONS = DEBUG;
				SWIFT_INSTALL_OBJC_HEADER = NO;
				SWIFT_OPTIMIZATION_LEVEL = "-Onone";
				SWIFT_VERSION = 4.0;
				VERSIONING_SYSTEM = "apple-generic";
				VERSION_INFO_PREFIX = "";
			};
			name = Debug;
		};
		DAFEF34F209AF7D800740A88 /* Release */ = {
			isa = XCBuildConfiguration;
			buildSettings = {
				ALWAYS_SEARCH_USER_PATHS = NO;
				CLANG_ANALYZER_NONNULL = YES;
				CLANG_ANALYZER_NUMBER_OBJECT_CONVERSION = YES_AGGRESSIVE;
				CLANG_CXX_LANGUAGE_STANDARD = "gnu++14";
				CLANG_CXX_LIBRARY = "libc++";
				CLANG_ENABLE_OBJC_ARC = YES;
				CLANG_ENABLE_OBJC_WEAK = YES;
				CLANG_WARN_BLOCK_CAPTURE_AUTORELEASING = YES;
				CLANG_WARN_BOOL_CONVERSION = YES;
				CLANG_WARN_COMMA = YES;
				CLANG_WARN_CONSTANT_CONVERSION = YES;
				CLANG_WARN_DEPRECATED_OBJC_IMPLEMENTATIONS = YES;
				CLANG_WARN_DIRECT_OBJC_ISA_USAGE = YES_ERROR;
				CLANG_WARN_DOCUMENTATION_COMMENTS = YES;
				CLANG_WARN_EMPTY_BODY = YES;
				CLANG_WARN_ENUM_CONVERSION = YES;
				CLANG_WARN_INFINITE_RECURSION = YES;
				CLANG_WARN_INT_CONVERSION = YES;
				CLANG_WARN_NON_LITERAL_NULL_CONVERSION = YES;
				CLANG_WARN_OBJC_IMPLICIT_RETAIN_SELF = YES;
				CLANG_WARN_OBJC_LITERAL_CONVERSION = YES;
				CLANG_WARN_OBJC_ROOT_CLASS = YES_ERROR;
				CLANG_WARN_RANGE_LOOP_ANALYSIS = YES;
				CLANG_WARN_STRICT_PROTOTYPES = YES;
				CLANG_WARN_SUSPICIOUS_MOVE = YES;
				CLANG_WARN_UNGUARDED_AVAILABILITY = YES_AGGRESSIVE;
				CLANG_WARN_UNREACHABLE_CODE = YES;
				CLANG_WARN__DUPLICATE_METHOD_MATCH = YES;
				CODE_SIGN_IDENTITY = "iPhone Developer";
				COPY_PHASE_STRIP = NO;
				CURRENT_PROJECT_VERSION = 1;
				DEBUG_INFORMATION_FORMAT = "dwarf-with-dsym";
				ENABLE_NS_ASSERTIONS = NO;
				ENABLE_STRICT_OBJC_MSGSEND = YES;
				GCC_C_LANGUAGE_STANDARD = gnu11;
				GCC_NO_COMMON_BLOCKS = YES;
				GCC_WARN_64_TO_32_BIT_CONVERSION = YES;
				GCC_WARN_ABOUT_RETURN_TYPE = YES_ERROR;
				GCC_WARN_UNDECLARED_SELECTOR = YES;
				GCC_WARN_UNINITIALIZED_AUTOS = YES_AGGRESSIVE;
				GCC_WARN_UNUSED_FUNCTION = YES;
				GCC_WARN_UNUSED_VARIABLE = YES;
				IPHONEOS_DEPLOYMENT_TARGET = 11.0;
				MTL_ENABLE_DEBUG_INFO = NO;
				SDKROOT = iphoneos;
				SWIFT_COMPILATION_MODE = wholemodule;
				SWIFT_INSTALL_OBJC_HEADER = NO;
				SWIFT_OPTIMIZATION_LEVEL = "-O";
				SWIFT_VERSION = 4.0;
				VALIDATE_PRODUCT = YES;
				VERSIONING_SYSTEM = "apple-generic";
				VERSION_INFO_PREFIX = "";
			};
			name = Release;
		};
		DAFEF351209AF7D800740A88 /* Debug */ = {
			isa = XCBuildConfiguration;
			buildSettings = {
				CODE_SIGN_IDENTITY = "";
				CODE_SIGN_STYLE = Automatic;
				DEFINES_MODULE = YES;
				DEVELOPMENT_TEAM = 7AMWG3RLHN;
				DYLIB_COMPATIBILITY_VERSION = 1;
				DYLIB_CURRENT_VERSION = 1;
				DYLIB_INSTALL_NAME_BASE = "@rpath";
				INFOPLIST_FILE = "$(SRCROOT)/Configuration/source.plist";
				INSTALL_PATH = "$(LOCAL_LIBRARY_DIR)/Frameworks";
				LD_RUNPATH_SEARCH_PATHS = (
					"$(inherited)",
					"@executable_path/Frameworks",
					"@loader_path/Frameworks",
				);
				PRODUCT_BUNDLE_IDENTIFIER = iturbide.catban.Home;
				PRODUCT_NAME = "$(TARGET_NAME:c99extidentifier)";
				SKIP_INSTALL = YES;
				SWIFT_OPTIMIZATION_LEVEL = "-Onone";
				TARGETED_DEVICE_FAMILY = "1,2";
			};
			name = Debug;
		};
		DAFEF352209AF7D800740A88 /* Release */ = {
			isa = XCBuildConfiguration;
			buildSettings = {
				CODE_SIGN_IDENTITY = "";
				CODE_SIGN_STYLE = Automatic;
				DEFINES_MODULE = YES;
				DEVELOPMENT_TEAM = 7AMWG3RLHN;
				DYLIB_COMPATIBILITY_VERSION = 1;
				DYLIB_CURRENT_VERSION = 1;
				DYLIB_INSTALL_NAME_BASE = "@rpath";
				INFOPLIST_FILE = "$(SRCROOT)/Configuration/source.plist";
				INSTALL_PATH = "$(LOCAL_LIBRARY_DIR)/Frameworks";
				LD_RUNPATH_SEARCH_PATHS = (
					"$(inherited)",
					"@executable_path/Frameworks",
					"@loader_path/Frameworks",
				);
				PRODUCT_BUNDLE_IDENTIFIER = iturbide.catban.Home;
				PRODUCT_NAME = "$(TARGET_NAME:c99extidentifier)";
				SKIP_INSTALL = YES;
				TARGETED_DEVICE_FAMILY = "1,2";
			};
			name = Release;
		};
		DAFEF360209AF82B00740A88 /* Debug */ = {
			isa = XCBuildConfiguration;
			buildSettings = {
				ALWAYS_EMBED_SWIFT_STANDARD_LIBRARIES = YES;
				CODE_SIGN_STYLE = Automatic;
				DEVELOPMENT_TEAM = 7AMWG3RLHN;
				INFOPLIST_FILE = Configuration/tests.plist;
				LD_RUNPATH_SEARCH_PATHS = (
					"$(inherited)",
					"@executable_path/Frameworks",
					"@loader_path/Frameworks",
				);
				PRODUCT_BUNDLE_IDENTIFIER = iturbide.catban.Home.TestsHome;
				PRODUCT_NAME = "$(TARGET_NAME)";
				SWIFT_OPTIMIZATION_LEVEL = "-Onone";
				TARGETED_DEVICE_FAMILY = "1,2";
			};
			name = Debug;
		};
		DAFEF361209AF82B00740A88 /* Release */ = {
			isa = XCBuildConfiguration;
			buildSettings = {
				ALWAYS_EMBED_SWIFT_STANDARD_LIBRARIES = YES;
				CODE_SIGN_STYLE = Automatic;
				DEVELOPMENT_TEAM = 7AMWG3RLHN;
				INFOPLIST_FILE = Configuration/tests.plist;
				LD_RUNPATH_SEARCH_PATHS = (
					"$(inherited)",
					"@executable_path/Frameworks",
					"@loader_path/Frameworks",
				);
				PRODUCT_BUNDLE_IDENTIFIER = iturbide.catban.Home.TestsHome;
				PRODUCT_NAME = "$(TARGET_NAME)";
				TARGETED_DEVICE_FAMILY = "1,2";
			};
			name = Release;
		};
/* End XCBuildConfiguration section */

/* Begin XCConfigurationList section */
		DAFEF342209AF7D800740A88 /* Build configuration list for PBXProject "Home" */ = {
			isa = XCConfigurationList;
			buildConfigurations = (
				DAFEF34E209AF7D800740A88 /* Debug */,
				DAFEF34F209AF7D800740A88 /* Release */,
			);
			defaultConfigurationIsVisible = 0;
			defaultConfigurationName = Release;
		};
		DAFEF350209AF7D800740A88 /* Build configuration list for PBXNativeTarget "Home" */ = {
			isa = XCConfigurationList;
			buildConfigurations = (
				DAFEF351209AF7D800740A88 /* Debug */,
				DAFEF352209AF7D800740A88 /* Release */,
			);
			defaultConfigurationIsVisible = 0;
			defaultConfigurationName = Release;
		};
		DAFEF35F209AF82B00740A88 /* Build configuration list for PBXNativeTarget "TestsHome" */ = {
			isa = XCConfigurationList;
			buildConfigurations = (
				DAFEF360209AF82B00740A88 /* Debug */,
				DAFEF361209AF82B00740A88 /* Release */,
			);
			defaultConfigurationIsVisible = 0;
			defaultConfigurationName = Release;
		};
/* End XCConfigurationList section */
	};
	rootObject = DAFEF33F209AF7D800740A88 /* Project object */;
}
